{
    "name": "@tomgrv/actions",
    "version": "1.1.0",
    "dependencies": {
        "@tomgrv/action-check-composer": {
            "version": "file:check-composer"
        },
        "@tomgrv/action-check-pr-format": {
            "version": "file:check-pr-format"
        },
        "@tomgrv/action-check-secret": {
            "version": "file:check-secret"
        },
        "@tomgrv/action-check-security-composer": {
            "version": "file:check-security-composer"
        },
        "@tomgrv/action-check-security-npm": {
            "version": "file:check-security-npm"
        },
        "@tomgrv/action-config-bot": {
            "version": "file:config-bot"
        },
        "@tomgrv/action-create-pr": {
            "version": "file:create-pr"
        },
        "@tomgrv/action-degit-package": {
            "version": "file:degit-package"
        },
        "@tomgrv/action-detect-changes": {
            "version": "file:detect-changes"
        },
        "@tomgrv/action-list-packages": {
            "version": "file:list-packages"
        },
        "@tomgrv/action-rebase-pr": {
            "version": "file:rebase-pr"
        },
        "@tomgrv/action-run-phpinsights": {
            "version": "file:run-phpinsights"
        },
        "@tomgrv/action-run-phpmd": {
            "version": "file:run-phpmd"
        },
        "@tomgrv/action-run-phpstan": {
            "version": "file:run-phpstan"
        },
        "@tomgrv/action-run-phptests": {
            "version": "file:run-phptests"
        },
        "@tomgrv/action-run-pint": {
            "version": "file:run-pint"
        },
        "@tomgrv/action-setup-node": {
            "version": "file:setup-node"
        },
        "@tomgrv/action-setup-php": {
            "version": "file:setup-php"
        },
        "@tomgrv/action-split-package": {
            "version": "file:split-package"
        },
        "@tomgrv/action-update-labels": {
            "version": "file:update-labels"
        }
    },
    "lockfileVersion": 2,
    "packages": {
        "": {
            "name": "@tomgrv/actions",
            "version": "1.1.0",
            "license": "MIT",
            "workspaces": [
                "check-composer",
                "check-pr-format",
                "check-secret",
                "check-security-composer",
                "check-security-npm",
                "config-bot",
                "create-pr",
                "degit-package",
                "detect-changes",
                "list-packages",
                "rebase-pr",
                "run-phpinsights",
                "run-phpmd",
                "run-phpstan",
                "run-phptests",
                "run-pint",
                "setup-node",
                "setup-php",
                "split-package",
                "update-labels"
            ]
        },
        "check-composer": {
            "name": "@tomgrv/action-check-composer",
            "version": "1.1.0",
            "license": "MIT",
            "bin": {
                "action-check-composer": "run.sh"
            }
        },
        "check-pr-format": {
            "name": "@tomgrv/action-check-pr-format",
            "version": "1.1.0",
            "license": "MIT",
            "bin": {
                "action-check-pr-format": "run.sh"
            }
        },
        "check-secret": {
            "name": "@tomgrv/action-check-secret",
            "version": "1.1.0",
            "license": "MIT"
        },
        "check-security-composer": {
            "name": "@tomgrv/action-check-security-composer",
            "version": "1.1.0",
            "license": "MIT",
            "bin": {
                "action-check-security-composer": "run.sh"
            }
        },
        "check-security-npm": {
            "name": "@tomgrv/action-check-security-npm",
            "version": "1.1.0",
            "license": "MIT",
            "bin": {
                "action-check-security-npm": "run.sh"
            }
        },
        "config-bot": {
            "name": "@tomgrv/action-config-bot",
            "version": "1.1.0",
            "license": "MIT",
            "bin": {
                "action-config-bot": "run.sh"
            }
        },
        "create-pr": {
            "name": "@tomgrv/action-create-pr",
            "version": "1.1.0",
            "license": "MIT",
            "bin": {
                "action-create-pr": "run.sh"
            }
        },
        "degit-package": {
            "name": "@tomgrv/action-degit-package",
            "version": "1.1.0",
            "license": "MIT",
            "bin": {
                "action-degit-package": "run.sh"
            }
        },
        "detect-changes": {
            "name": "@tomgrv/action-detect-changes",
            "version": "1.1.0",
            "license": "MIT",
            "bin": {
                "action-detect-changes": "run.sh"
            }
        },
        "list-packages": {
            "name": "@tomgrv/action-list-packages",
            "version": "1.1.0",
            "license": "MIT",
            "bin": {
                "action-list-packages": "run.sh"
            }
        },
        "node_modules/@tomgrv/action-check-composer": {
            "resolved": "check-composer",
            "link": true
        },
        "node_modules/@tomgrv/action-check-pr-format": {
            "resolved": "check-pr-format",
            "link": true
        },
        "node_modules/@tomgrv/action-check-secret": {
            "resolved": "check-secret",
            "link": true
        },
        "node_modules/@tomgrv/action-check-security-composer": {
            "resolved": "check-security-composer",
            "link": true
        },
        "node_modules/@tomgrv/action-check-security-npm": {
            "resolved": "check-security-npm",
            "link": true
        },
        "node_modules/@tomgrv/action-config-bot": {
            "resolved": "config-bot",
            "link": true
        },
        "node_modules/@tomgrv/action-create-pr": {
            "resolved": "create-pr",
            "link": true
        },
        "node_modules/@tomgrv/action-degit-package": {
            "resolved": "degit-package",
            "link": true
        },
        "node_modules/@tomgrv/action-detect-changes": {
            "resolved": "detect-changes",
            "link": true
        },
        "node_modules/@tomgrv/action-list-packages": {
            "resolved": "list-packages",
            "link": true
        },
        "node_modules/@tomgrv/action-rebase-pr": {
            "resolved": "rebase-pr",
            "link": true
        },
        "node_modules/@tomgrv/action-run-phpinsights": {
            "resolved": "run-phpinsights",
            "link": true
        },
        "node_modules/@tomgrv/action-run-phpmd": {
            "resolved": "run-phpmd",
            "link": true
        },
        "node_modules/@tomgrv/action-run-phpstan": {
            "resolved": "run-phpstan",
            "link": true
        },
        "node_modules/@tomgrv/action-run-phptests": {
            "resolved": "run-phptests",
            "link": true
        },
        "node_modules/@tomgrv/action-run-pint": {
            "resolved": "run-pint",
            "link": true
        },
        "node_modules/@tomgrv/action-setup-node": {
            "resolved": "setup-node",
            "link": true
        },
        "node_modules/@tomgrv/action-setup-php": {
            "resolved": "setup-php",
            "link": true
        },
        "node_modules/@tomgrv/action-split-package": {
            "resolved": "split-package",
            "link": true
        },
        "node_modules/@tomgrv/action-update-labels": {
            "resolved": "update-labels",
            "link": true
        },
        "rebase-pr": {
            "name": "@tomgrv/action-rebase-pr",
            "version": "1.1.0",
            "license": "MIT",
            "bin": {
                "action-rebase-pr": "run.sh"
            }
        },
        "run-phpinsights": {
            "name": "@tomgrv/action-run-phpinsights",
            "version": "1.1.0",
            "license": "MIT",
            "bin": {
                "action-run-phpinsights": "run.sh"
            }
        },
        "run-phpmd": {
            "name": "@tomgrv/action-run-phpmd",
            "version": "1.1.0",
            "license": "MIT",
            "bin": {
                "action-run-phpmd": "run.sh"
            }
        },
        "run-phpstan": {
            "name": "@tomgrv/action-run-phpstan",
            "version": "1.1.0",
            "license": "MIT",
            "bin": {
                "action-run-phpstan": "run.sh"
            }
        },
        "run-phptests": {
            "name": "@tomgrv/action-run-phptests",
            "version": "1.1.0",
            "license": "MIT",
            "bin": {
                "action-run-phptests": "run.sh"
            }
        },
        "run-pint": {
            "name": "@tomgrv/action-run-pint",
            "version": "1.1.0",
            "license": "MIT",
            "bin": {
                "action-run-pint": "run.sh"
            }
        },
        "setup-node": {
            "name": "@tomgrv/action-setup-node",
            "version": "1.1.0",
            "license": "MIT"
        },
        "setup-php": {
            "name": "@tomgrv/action-setup-php",
            "version": "1.1.0",
            "license": "MIT",
            "bin": {
                "action-setup-php": "run.sh"
            }
        },
        "split-package": {
            "name": "@tomgrv/action-split-package",
            "version": "1.1.0",
            "license": "MIT",
            "bin": {
                "action-split-package": "run.sh"
            }
        },
        "update-labels": {
            "name": "@tomgrv/action-update-labels",
            "version": "1.1.0",
            "license": "MIT",
            "bin": {
                "action-update-labels": "run.sh"
            }
        }
    },
    "requires": true
}
